lockfileVersion: '9.0'

settings:
  autoInstallPeers: true
  excludeLinksFromLockfile: false

importers:

  .:
    dependencies:
      '@furkot/glyph-pbf-composite':
        specifier: ~1
        version: 1.0.2
      '@pirxpilot/connect':
        specifier: ~4
        version: 4.2.1
      '@pirxpilot/router':
        specifier: ~2
        version: 2.0.0
      debug:
        specifier: ~4
        version: 4.4.3
      etag:
        specifier: ~1
        version: 1.8.1
      fresh:
        specifier: ~2
        version: 2.0.0
    devDependencies:
      '@biomejs/biome':
        specifier: 2.2.4
        version: 2.2.4
      supertest-fetch:
        specifier: ~2
        version: 2.0.0

packages:

  '@biomejs/biome@2.2.4':
    resolution: {integrity: sha512-TBHU5bUy/Ok6m8c0y3pZiuO/BZoY/OcGxoLlrfQof5s8ISVwbVBdFINPQZyFfKwil8XibYWb7JMwnT8wT4WVPg==}
    engines: {node: '>=14.21.3'}
    hasBin: true

  '@biomejs/cli-darwin-arm64@2.2.4':
    resolution: {integrity: sha512-RJe2uiyaloN4hne4d2+qVj3d3gFJFbmrr5PYtkkjei1O9c+BjGXgpUPVbi8Pl8syumhzJjFsSIYkcLt2VlVLMA==}
    engines: {node: '>=14.21.3'}
    cpu: [arm64]
    os: [darwin]

  '@biomejs/cli-darwin-x64@2.2.4':
    resolution: {integrity: sha512-cFsdB4ePanVWfTnPVaUX+yr8qV8ifxjBKMkZwN7gKb20qXPxd/PmwqUH8mY5wnM9+U0QwM76CxFyBRJhC9tQwg==}
    engines: {node: '>=14.21.3'}
    cpu: [x64]
    os: [darwin]

  '@biomejs/cli-linux-arm64-musl@2.2.4':
    resolution: {integrity: sha512-7TNPkMQEWfjvJDaZRSkDCPT/2r5ESFPKx+TEev+I2BXDGIjfCZk2+b88FOhnJNHtksbOZv8ZWnxrA5gyTYhSsQ==}
    engines: {node: '>=14.21.3'}
    cpu: [arm64]
    os: [linux]

  '@biomejs/cli-linux-arm64@2.2.4':
    resolution: {integrity: sha512-M/Iz48p4NAzMXOuH+tsn5BvG/Jb07KOMTdSVwJpicmhN309BeEyRyQX+n1XDF0JVSlu28+hiTQ2L4rZPvu7nMw==}
    engines: {node: '>=14.21.3'}
    cpu: [arm64]
    os: [linux]

  '@biomejs/cli-linux-x64-musl@2.2.4':
    resolution: {integrity: sha512-m41nFDS0ksXK2gwXL6W6yZTYPMH0LughqbsxInSKetoH6morVj43szqKx79Iudkp8WRT5SxSh7qVb8KCUiewGg==}
    engines: {node: '>=14.21.3'}
    cpu: [x64]
    os: [linux]

  '@biomejs/cli-linux-x64@2.2.4':
    resolution: {integrity: sha512-orr3nnf2Dpb2ssl6aihQtvcKtLySLta4E2UcXdp7+RTa7mfJjBgIsbS0B9GC8gVu0hjOu021aU8b3/I1tn+pVQ==}
    engines: {node: '>=14.21.3'}
    cpu: [x64]
    os: [linux]

  '@biomejs/cli-win32-arm64@2.2.4':
    resolution: {integrity: sha512-NXnfTeKHDFUWfxAefa57DiGmu9VyKi0cDqFpdI+1hJWQjGJhJutHPX0b5m+eXvTKOaf+brU+P0JrQAZMb5yYaQ==}
    engines: {node: '>=14.21.3'}
    cpu: [arm64]
    os: [win32]

  '@biomejs/cli-win32-x64@2.2.4':
    resolution: {integrity: sha512-3Y4V4zVRarVh/B/eSHczR4LYoSVyv3Dfuvm3cWs5w/HScccS0+Wt/lHOcDTRYeHjQmMYVC3rIRWqyN2EI52+zg==}
    engines: {node: '>=14.21.3'}
    cpu: [x64]
    os: [win32]

  '@furkot/glyph-pbf-composite@1.0.2':
    resolution: {integrity: sha512-1W9z69lxrlyeleKFm+mnSnWrKT8R9kxo8wavkYFOAJJriaj8N47G6HPTGXW9XltCFX177kmLKr247KYekgVmFw==}

  '@pirxpilot/connect@4.2.1':
    resolution: {integrity: sha512-IK0WBFX9urDwG0Qe4Y9SQJxmtj/CdF6BOf5JGHJqiYvoDwyyqSU/evjZdqQWwR0XCQRwdvVWklzv0VUsGvb6NQ==}

  '@pirxpilot/router@2.0.0':
    resolution: {integrity: sha512-1lplDim8DZXj8R4zSW+3/DQ3FDbaNTa1uejS7ZL+/VEIBlsoxtdY+qQ9ch3gory6QCmVUqncEh3rh8QV59XNgQ==}
    engines: {node: '>= 23.8.0'}

  b4a@1.7.3:
    resolution: {integrity: sha512-5Q2mfq2WfGuFp3uS//0s6baOJLMoVduPYVeNmDYxu5OUA1/cBfvr2RIS7vi62LdNj/urk1hfmj867I3qt6uZ7Q==}
    peerDependencies:
      react-native-b4a: '*'
    peerDependenciesMeta:
      react-native-b4a:
        optional: true

  debug@4.4.3:
    resolution: {integrity: sha512-RGwwWnwQvkVfavKVt22FGLw+xYSdzARwm0ru6DhTVA3umU5hZc28V3kO4stgYryrTlLpuvgI9GiijltAjNbcqA==}
    engines: {node: '>=6.0'}
    peerDependencies:
      supports-color: '*'
    peerDependenciesMeta:
      supports-color:
        optional: true

  etag@1.8.1:
    resolution: {integrity: sha512-aIL5Fx7mawVa300al2BnEE4iNvo1qETxLrPI/o05L7z6go7fCw1J6EQmbK4FmJ2AS7kgVF/KEZWufBfdClMcPg==}
    engines: {node: '>= 0.6'}

  fresh@2.0.0:
    resolution: {integrity: sha512-Rx/WycZ60HOaqLKAi6cHRKKI7zxWbJ31MhntmtwMoaTeF7XFH9hhBp8vITaMidfljRQ6eYWCKkaTK+ykVJHP2A==}
    engines: {node: '>= 0.8'}

  generate-function@2.3.1:
    resolution: {integrity: sha512-eeB5GfMNeevm/GRYq20ShmsaGcmI81kIX2K9XQx5miC8KdHaC6Jm0qQ8ZNeGOi7wYB8OsdxKs+Y2oVuTFuVwKQ==}

  generate-object-property@1.2.0:
    resolution: {integrity: sha512-TuOwZWgJ2VAMEGJvAyPWvpqxSANF0LDpmyHauMjFYzaACvn+QTT/AZomvPCzVBV7yDN3OmwHQ5OvHaeLKre3JQ==}

  is-property@1.0.2:
    resolution: {integrity: sha512-Ks/IoX00TtClbGQr4TWXemAnktAQvYB7HzcCxDGqEZU6oCmb2INHuOoKxbtR+HFkmYWBKv/dOZtGRiAjDhj92g==}

  ms@2.1.3:
    resolution: {integrity: sha512-6FlzubTLZG3J2a/NVCAleEhjzq5oxgHyaCU9yYXvcLsvoVaHJq/s5xXI6/XXP6tz7R9xAOtHnSO/tXtF3WRTlA==}

  parseurl@1.3.3:
    resolution: {integrity: sha512-CiyeOxFT/JZyN5m0z9PfXw4SCBJ6Sygz1Dpl0wqjlhDEGGBP1GnsUVEL0p63hoG1fcj3fHynXi9NYO4nWOL+qQ==}
    engines: {node: '>= 0.8'}

  protocol-buffers-encodings@1.2.0:
    resolution: {integrity: sha512-daeNPuKh1NlLD1uDfbLpD+xyUTc07nEtfHwmBZmt/vH0B7VOM+JOCOpDcx9ZRpqHjAiIkGqyTDi+wfGSl17R9w==}

  protocol-buffers-schema@3.6.0:
    resolution: {integrity: sha512-TdDRD+/QNdrCGCE7v8340QyuXd4kIWIgapsE2+n/SaGiSSbomYl4TjHlvIoCWRpE7wFt02EpB35VVA2ImcBVqw==}

  protocol-buffers@5.0.0:
    resolution: {integrity: sha512-ceZAqqc5tKmsy4VXjQpCUbw9CJWHY+wIJitciBB9wyFXmcma8124Ck6LYwKncZgUzTkyCa+IyDrphI8s8DIWbA==}
    hasBin: true

  signed-varint@2.0.1:
    resolution: {integrity: sha512-abgDPg1106vuZZOvw7cFwdCABddfJRz5akcCcchzTbhyhYnsG31y4AlZEgp315T7W3nQq5P4xeOm186ZiPVFzw==}

  supertest-fetch@2.0.0:
    resolution: {integrity: sha512-Mx2ZszLJkrBMFt7fmyML12y+u2yHAN5FF94yOzZXHzrTtsS59fjdbqh9G4OAPDM14jnkDkcLk2AgCVGJZcVoUg==}
    engines: {node: '>=18.0.0'}

  varint@5.0.0:
    resolution: {integrity: sha512-gC13b/bWrqQoKY2EmROCZ+AR0jitc6DnDGaQ6Ls9QpKmuSgJB1eQ7H3KETtQm7qSdMWMKCmsshyCmUwMLh3OAA==}

  varint@5.0.2:
    resolution: {integrity: sha512-lKxKYG6H03yCZUpAGOPOsMcGxd1RHCu1iKvEHYDPmTyq2HueGhD73ssNBqqQWfvYs04G9iUFRvmAVLW20Jw6ow==}

  varint@6.0.0:
    resolution: {integrity: sha512-cXEIW6cfr15lFv563k4GuVuW/fiwjknytD37jIOLSdSWuOI6WnO/oKwmP2FQTU2l01LP8/M5TSAJpzUaGe3uWg==}

snapshots:

  '@biomejs/biome@2.2.4':
    optionalDependencies:
      '@biomejs/cli-darwin-arm64': 2.2.4
      '@biomejs/cli-darwin-x64': 2.2.4
      '@biomejs/cli-linux-arm64': 2.2.4
      '@biomejs/cli-linux-arm64-musl': 2.2.4
      '@biomejs/cli-linux-x64': 2.2.4
      '@biomejs/cli-linux-x64-musl': 2.2.4
      '@biomejs/cli-win32-arm64': 2.2.4
      '@biomejs/cli-win32-x64': 2.2.4

  '@biomejs/cli-darwin-arm64@2.2.4':
    optional: true

  '@biomejs/cli-darwin-x64@2.2.4':
    optional: true

  '@biomejs/cli-linux-arm64-musl@2.2.4':
    optional: true

  '@biomejs/cli-linux-arm64@2.2.4':
    optional: true

  '@biomejs/cli-linux-x64-musl@2.2.4':
    optional: true

  '@biomejs/cli-linux-x64@2.2.4':
    optional: true

  '@biomejs/cli-win32-arm64@2.2.4':
    optional: true

  '@biomejs/cli-win32-x64@2.2.4':
    optional: true

  '@furkot/glyph-pbf-composite@1.0.2':
    dependencies:
      protocol-buffers: 5.0.0
    transitivePeerDependencies:
      - react-native-b4a

  '@pirxpilot/connect@4.2.1':
    dependencies:
      debug: 4.4.3
      parseurl: 1.3.3
    transitivePeerDependencies:
      - supports-color

  '@pirxpilot/router@2.0.0':
    dependencies:
      parseurl: 1.3.3

  b4a@1.7.3: {}

  debug@4.4.3:
    dependencies:
      ms: 2.1.3

  etag@1.8.1: {}

  fresh@2.0.0: {}

  generate-function@2.3.1:
    dependencies:
      is-property: 1.0.2

  generate-object-property@1.2.0:
    dependencies:
      is-property: 1.0.2

  is-property@1.0.2: {}

  ms@2.1.3: {}

  parseurl@1.3.3: {}

  protocol-buffers-encodings@1.2.0:
    dependencies:
      b4a: 1.7.3
      signed-varint: 2.0.1
      varint: 5.0.0
    transitivePeerDependencies:
      - react-native-b4a

  protocol-buffers-schema@3.6.0: {}

  protocol-buffers@5.0.0:
    dependencies:
      generate-function: 2.3.1
      generate-object-property: 1.2.0
      protocol-buffers-encodings: 1.2.0
      protocol-buffers-schema: 3.6.0
      signed-varint: 2.0.1
      varint: 6.0.0
    transitivePeerDependencies:
      - react-native-b4a

  signed-varint@2.0.1:
    dependencies:
      varint: 5.0.2

  supertest-fetch@2.0.0: {}

  varint@5.0.0: {}

  varint@5.0.2: {}

  varint@6.0.0: {}
