# THIS IS AN AUTOGENERATED FILE. DO NOT EDIT THIS FILE DIRECTLY.
# yarn lockfile v1


"@biomejs/biome@2.2.4":
  version "2.2.4"
  resolved "https://registry.yarnpkg.com/@biomejs/biome/-/biome-2.2.4.tgz#184e4b83f89bd0d4151682a5aa3840df37748e17"
  integrity sha512-TBHU5bUy/Ok6m8c0y3pZiuO/BZoY/OcGxoLlrfQof5s8ISVwbVBdFINPQZyFfKwil8XibYWb7JMwnT8wT4WVPg==
  optionalDependencies:
    "@biomejs/cli-darwin-arm64" "2.2.4"
    "@biomejs/cli-darwin-x64" "2.2.4"
    "@biomejs/cli-linux-arm64" "2.2.4"
    "@biomejs/cli-linux-arm64-musl" "2.2.4"
    "@biomejs/cli-linux-x64" "2.2.4"
    "@biomejs/cli-linux-x64-musl" "2.2.4"
    "@biomejs/cli-win32-arm64" "2.2.4"
    "@biomejs/cli-win32-x64" "2.2.4"

"@biomejs/cli-darwin-arm64@2.2.4":
  version "2.2.4"
  resolved "https://registry.yarnpkg.com/@biomejs/cli-darwin-arm64/-/cli-darwin-arm64-2.2.4.tgz#9b50620c93501e370b7e6d5a8445f117f9946a0c"
  integrity sha512-RJe2uiyaloN4hne4d2+qVj3d3gFJFbmrr5PYtkkjei1O9c+BjGXgpUPVbi8Pl8syumhzJjFsSIYkcLt2VlVLMA==

"@biomejs/cli-darwin-x64@2.2.4":
  version "2.2.4"
  resolved "https://registry.yarnpkg.com/@biomejs/cli-darwin-x64/-/cli-darwin-x64-2.2.4.tgz#343620c884fc8141155d114430e80e4eacfddc9e"
  integrity sha512-cFsdB4ePanVWfTnPVaUX+yr8qV8ifxjBKMkZwN7gKb20qXPxd/PmwqUH8mY5wnM9+U0QwM76CxFyBRJhC9tQwg==

"@biomejs/cli-linux-arm64-musl@2.2.4":
  version "2.2.4"
  resolved "https://registry.yarnpkg.com/@biomejs/cli-linux-arm64-musl/-/cli-linux-arm64-musl-2.2.4.tgz#cabcdadce2bc88b697f4063374224266c6f8b6e5"
  integrity sha512-7TNPkMQEWfjvJDaZRSkDCPT/2r5ESFPKx+TEev+I2BXDGIjfCZk2+b88FOhnJNHtksbOZv8ZWnxrA5gyTYhSsQ==

"@biomejs/cli-linux-arm64@2.2.4":
  version "2.2.4"
  resolved "https://registry.yarnpkg.com/@biomejs/cli-linux-arm64/-/cli-linux-arm64-2.2.4.tgz#55620f8f088145e62e1158eb85c568554d0c8673"
  integrity sha512-M/Iz48p4NAzMXOuH+tsn5BvG/Jb07KOMTdSVwJpicmhN309BeEyRyQX+n1XDF0JVSlu28+hiTQ2L4rZPvu7nMw==

"@biomejs/cli-linux-x64-musl@2.2.4":
  version "2.2.4"
  resolved "https://registry.yarnpkg.com/@biomejs/cli-linux-x64-musl/-/cli-linux-x64-musl-2.2.4.tgz#6bfaea72505afdbda66a66c998d2d169a8b55f90"
  integrity sha512-m41nFDS0ksXK2gwXL6W6yZTYPMH0LughqbsxInSKetoH6morVj43szqKx79Iudkp8WRT5SxSh7qVb8KCUiewGg==

"@biomejs/cli-linux-x64@2.2.4":
  version "2.2.4"
  resolved "https://registry.yarnpkg.com/@biomejs/cli-linux-x64/-/cli-linux-x64-2.2.4.tgz#8c1ed61dcafb8a5939346c714ec122651f57e1db"
  integrity sha512-orr3nnf2Dpb2ssl6aihQtvcKtLySLta4E2UcXdp7+RTa7mfJjBgIsbS0B9GC8gVu0hjOu021aU8b3/I1tn+pVQ==

"@biomejs/cli-win32-arm64@2.2.4":
  version "2.2.4"
  resolved "https://registry.yarnpkg.com/@biomejs/cli-win32-arm64/-/cli-win32-arm64-2.2.4.tgz#b2528f6c436e753d6083d7779f0662e08786cedb"
  integrity sha512-NXnfTeKHDFUWfxAefa57DiGmu9VyKi0cDqFpdI+1hJWQjGJhJutHPX0b5m+eXvTKOaf+brU+P0JrQAZMb5yYaQ==

"@biomejs/cli-win32-x64@2.2.4":
  version "2.2.4"
  resolved "https://registry.yarnpkg.com/@biomejs/cli-win32-x64/-/cli-win32-x64-2.2.4.tgz#c8e21413120fe073fa49b78fdd987022941ff66f"
  integrity sha512-3Y4V4zVRarVh/B/eSHczR4LYoSVyv3Dfuvm3cWs5w/HScccS0+Wt/lHOcDTRYeHjQmMYVC3rIRWqyN2EI52+zg==

"@furkot/glyph-pbf-composite@~1":
  version "1.0.2"
  resolved "https://registry.yarnpkg.com/@furkot/glyph-pbf-composite/-/glyph-pbf-composite-1.0.2.tgz#9537b16c7406f914160f908c9300959b15d1ad7d"
  integrity sha512-1W9z69lxrlyeleKFm+mnSnWrKT8R9kxo8wavkYFOAJJriaj8N47G6HPTGXW9XltCFX177kmLKr247KYekgVmFw==
  dependencies:
    protocol-buffers "~5"

"@pirxpilot/connect@~4":
  version "4.2.0"
  resolved "https://registry.yarnpkg.com/@pirxpilot/connect/-/connect-4.2.0.tgz#ba78891a0ff29b72086818583ff9ad48c52291e1"
  integrity sha512-VuLSeZ4D1qbUejV0XHi7N6b09bt6FWZ2P0moAbRLkiWGUQlDgTfkAz5MbAM7HzpJYt/fVMvOI7T93J79+PeIKw==
  dependencies:
    debug "~4"
    parseurl "~1"

"@pirxpilot/router@~2":
  version "2.0.0"
  resolved "https://registry.yarnpkg.com/@pirxpilot/router/-/router-2.0.0.tgz#ed95ca70ed5f59a586ecddc5b42d99a7c64ad7f3"
  integrity sha512-1lplDim8DZXj8R4zSW+3/DQ3FDbaNTa1uejS7ZL+/VEIBlsoxtdY+qQ9ch3gory6QCmVUqncEh3rh8QV59XNgQ==
  dependencies:
    parseurl "~1"

b4a@^1.6.0:
  version "1.6.7"
  resolved "https://registry.yarnpkg.com/b4a/-/b4a-1.6.7.tgz#a99587d4ebbfbd5a6e3b21bdb5d5fa385767abe4"
  integrity sha512-OnAYlL5b7LEkALw87fUVafQw5rVR9RjwGd4KUwNQ6DrrNmaVaUCgLipfVlzrPQ4tWOR9P0IXGNOx50jYCCdSJg==

debug@~4:
  version "4.4.0"
  resolved "https://registry.yarnpkg.com/debug/-/debug-4.4.0.tgz#2b3f2aea2ffeb776477460267377dc8710faba8a"
  integrity sha512-6WTZ/IxCY/T6BALoZHaE4ctp9xm+Z5kY/pzYaCHRFeyVhojxlrm+46y68HA6hr0TcwEssoxNiDEUJQjfPZ/RYA==
  dependencies:
    ms "^2.1.3"

etag@~1:
  version "1.8.1"
  resolved "https://registry.yarnpkg.com/etag/-/etag-1.8.1.tgz#41ae2eeb65efa62268aebfea83ac7d79299b0887"
  integrity sha512-aIL5Fx7mawVa300al2BnEE4iNvo1qETxLrPI/o05L7z6go7fCw1J6EQmbK4FmJ2AS7kgVF/KEZWufBfdClMcPg==

fresh@~2:
  version "2.0.0"
  resolved "https://registry.yarnpkg.com/fresh/-/fresh-2.0.0.tgz#8dd7df6a1b3a1b3a5cf186c05a5dd267622635a4"
  integrity sha512-Rx/WycZ60HOaqLKAi6cHRKKI7zxWbJ31MhntmtwMoaTeF7XFH9hhBp8vITaMidfljRQ6eYWCKkaTK+ykVJHP2A==

generate-function@^2.0.0:
  version "2.3.1"
  resolved "https://registry.yarnpkg.com/generate-function/-/generate-function-2.3.1.tgz#f069617690c10c868e73b8465746764f97c3479f"
  integrity sha512-eeB5GfMNeevm/GRYq20ShmsaGcmI81kIX2K9XQx5miC8KdHaC6Jm0qQ8ZNeGOi7wYB8OsdxKs+Y2oVuTFuVwKQ==
  dependencies:
    is-property "^1.0.2"

generate-object-property@^1.2.0:
  version "1.2.0"
  resolved "https://registry.yarnpkg.com/generate-object-property/-/generate-object-property-1.2.0.tgz#9c0e1c40308ce804f4783618b937fa88f99d50d0"
  integrity sha512-TuOwZWgJ2VAMEGJvAyPWvpqxSANF0LDpmyHauMjFYzaACvn+QTT/AZomvPCzVBV7yDN3OmwHQ5OvHaeLKre3JQ==
  dependencies:
    is-property "^1.0.0"

is-property@^1.0.0, is-property@^1.0.2:
  version "1.0.2"
  resolved "https://registry.yarnpkg.com/is-property/-/is-property-1.0.2.tgz#57fe1c4e48474edd65b09911f26b1cd4095dda84"
  integrity sha512-Ks/IoX00TtClbGQr4TWXemAnktAQvYB7HzcCxDGqEZU6oCmb2INHuOoKxbtR+HFkmYWBKv/dOZtGRiAjDhj92g==

ms@^2.1.3:
  version "2.1.3"
  resolved "https://registry.yarnpkg.com/ms/-/ms-2.1.3.tgz#574c8138ce1d2b5861f0b44579dbadd60c6615b2"
  integrity sha512-6FlzubTLZG3J2a/NVCAleEhjzq5oxgHyaCU9yYXvcLsvoVaHJq/s5xXI6/XXP6tz7R9xAOtHnSO/tXtF3WRTlA==

parseurl@~1:
  version "1.3.3"
  resolved "https://registry.yarnpkg.com/parseurl/-/parseurl-1.3.3.tgz#9da19e7bee8d12dff0513ed5b76957793bc2e8d4"
  integrity sha512-CiyeOxFT/JZyN5m0z9PfXw4SCBJ6Sygz1Dpl0wqjlhDEGGBP1GnsUVEL0p63hoG1fcj3fHynXi9NYO4nWOL+qQ==

protocol-buffers-encodings@^1.1.0:
  version "1.2.0"
  resolved "https://registry.yarnpkg.com/protocol-buffers-encodings/-/protocol-buffers-encodings-1.2.0.tgz#39900b85dcff3172a23f15bdf3fda70daa2b38d3"
  integrity sha512-daeNPuKh1NlLD1uDfbLpD+xyUTc07nEtfHwmBZmt/vH0B7VOM+JOCOpDcx9ZRpqHjAiIkGqyTDi+wfGSl17R9w==
  dependencies:
    b4a "^1.6.0"
    signed-varint "^2.0.1"
    varint "5.0.0"

protocol-buffers-schema@^3.1.1:
  version "3.6.0"
  resolved "https://registry.yarnpkg.com/protocol-buffers-schema/-/protocol-buffers-schema-3.6.0.tgz#77bc75a48b2ff142c1ad5b5b90c94cd0fa2efd03"
  integrity sha512-TdDRD+/QNdrCGCE7v8340QyuXd4kIWIgapsE2+n/SaGiSSbomYl4TjHlvIoCWRpE7wFt02EpB35VVA2ImcBVqw==

protocol-buffers@~5:
  version "5.0.0"
  resolved "https://registry.yarnpkg.com/protocol-buffers/-/protocol-buffers-5.0.0.tgz#00b8b1b2ef01d24377f2402c3f2f2c8335bc5fab"
  integrity sha512-ceZAqqc5tKmsy4VXjQpCUbw9CJWHY+wIJitciBB9wyFXmcma8124Ck6LYwKncZgUzTkyCa+IyDrphI8s8DIWbA==
  dependencies:
    generate-function "^2.0.0"
    generate-object-property "^1.2.0"
    protocol-buffers-encodings "^1.1.0"
    protocol-buffers-schema "^3.1.1"
    signed-varint "^2.0.0"
    varint "^6.0.0"

signed-varint@^2.0.0, signed-varint@^2.0.1:
  version "2.0.1"
  resolved "https://registry.yarnpkg.com/signed-varint/-/signed-varint-2.0.1.tgz#50a9989da7c98c2c61dad119bc97470ef8528129"
  integrity sha512-abgDPg1106vuZZOvw7cFwdCABddfJRz5akcCcchzTbhyhYnsG31y4AlZEgp315T7W3nQq5P4xeOm186ZiPVFzw==
  dependencies:
    varint "~5.0.0"

supertest-fetch@~2:
  version "2.0.0"
  resolved "https://registry.yarnpkg.com/supertest-fetch/-/supertest-fetch-2.0.0.tgz#c4e60928d2542d73cff9ea5bf6b16c63cc13677d"
  integrity sha512-Mx2ZszLJkrBMFt7fmyML12y+u2yHAN5FF94yOzZXHzrTtsS59fjdbqh9G4OAPDM14jnkDkcLk2AgCVGJZcVoUg==

varint@5.0.0:
  version "5.0.0"
  resolved "https://registry.yarnpkg.com/varint/-/varint-5.0.0.tgz#d826b89f7490732fabc0c0ed693ed475dcb29ebf"
  integrity sha512-gC13b/bWrqQoKY2EmROCZ+AR0jitc6DnDGaQ6Ls9QpKmuSgJB1eQ7H3KETtQm7qSdMWMKCmsshyCmUwMLh3OAA==

varint@^6.0.0:
  version "6.0.0"
  resolved "https://registry.yarnpkg.com/varint/-/varint-6.0.0.tgz#9881eb0ce8feaea6512439d19ddf84bf551661d0"
  integrity sha512-cXEIW6cfr15lFv563k4GuVuW/fiwjknytD37jIOLSdSWuOI6WnO/oKwmP2FQTU2l01LP8/M5TSAJpzUaGe3uWg==

varint@~5.0.0:
  version "5.0.2"
  resolved "https://registry.yarnpkg.com/varint/-/varint-5.0.2.tgz#5b47f8a947eb668b848e034dcfa87d0ff8a7f7a4"
  integrity sha512-lKxKYG6H03yCZUpAGOPOsMcGxd1RHCu1iKvEHYDPmTyq2HueGhD73ssNBqqQWfvYs04G9iUFRvmAVLW20Jw6ow==
